
Microsoft Visual Studio Solution File, Format Version 12.00
# Visual Studio Version 16
VisualStudioVersion = 16.0.31624.102
MinimumVisualStudioVersion = 10.0.40219.1
Project("{FAE04EC0-301F-11D3-BF4B-00C04F79EFBC}") = "Medivision.Common", "Medivision.Common\Medivision.Common.csproj", "{50790EF2-BA3C-4592-A2AB-1E238D61C154}"
EndProject
Project("{FAE04EC0-301F-11D3-BF4B-00C04F79EFBC}") = "Medivis.API", "Medivis\Medivis.API.csproj", "{B7F1C58B-BDB3-425B-B3BC-65D30AA494DB}"
EndProject
Global
	GlobalSection(SolutionConfigurationPlatforms) = preSolution
		Debug|Any CPU = Debug|Any CPU
		Release|Any CPU = Release|Any CPU
	EndGlobalSection
	GlobalSection(ProjectConfigurationPlatforms) = postSolution
		{50790EF2-BA3C-4592-A2AB-1E238D61C154}.Debug|Any CPU.ActiveCfg = Debug|Any CPU
		{50790EF2-BA3C-4592-A2AB-1E238D61C154}.Debug|Any CPU.Build.0 = Debug|Any CPU
		{50790EF2-BA3C-4592-A2AB-1E238D61C154}.Release|Any CPU.ActiveCfg = Release|Any CPU
		{50790EF2-BA3C-4592-A2AB-1E238D61C154}.Release|Any CPU.Build.0 = Release|Any CPU
		{B7F1C58B-BDB3-425B-B3BC-65D30AA494DB}.Debug|Any CPU.ActiveCfg = Debug|Any CPU
		{B7F1C58B-BDB3-425B-B3BC-65D30AA494DB}.Debug|Any CPU.Build.0 = Debug|Any CPU
		{B7F1C58B-BDB3-425B-B3BC-65D30AA494DB}.Release|Any CPU.ActiveCfg = Release|Any CPU
		{B7F1C58B-BDB3-425B-B3BC-65D30AA494DB}.Release|Any CPU.Build.0 = Release|Any CPU
	EndGlobalSection
	GlobalSection(SolutionProperties) = preSolution
		HideSolutionNode = FALSE
	EndGlobalSection
	GlobalSection(ExtensibilityGlobals) = postSolution
		SolutionGuid = {94139959-A9F5-4E67-8C16-E9B51045DCF0}
	EndGlobalSection
EndGlobal
